// !$*UTF8*$!
{
	archiveVersion = 1;
	classes = {
	};
	objectVersion = 48;
	objects = {

/* Begin PBXBuildFile section */
		811923041F978D3E00015A57 /* AppDelegate.swift in Sources */ = {isa = PBXBuildFile; fileRef = 811923031F978D3E00015A57 /* AppDelegate.swift */; };
		811923061F978D3E00015A57 /* ViewController.swift in Sources */ = {isa = PBXBuildFile; fileRef = 811923051F978D3E00015A57 /* ViewController.swift */; };
		811923091F978D3E00015A57 /* Main.storyboard in Resources */ = {isa = PBXBuildFile; fileRef = 811923071F978D3E00015A57 /* Main.storyboard */; };
		8119230B1F978D3E00015A57 /* Assets.xcassets in Resources */ = {isa = PBXBuildFile; fileRef = 8119230A1F978D3E00015A57 /* Assets.xcassets */; };
		8119230E1F978D3E00015A57 /* LaunchScreen.storyboard in Resources */ = {isa = PBXBuildFile; fileRef = 8119230C1F978D3E00015A57 /* LaunchScreen.storyboard */; };
		811923191F978D3F00015A57 /* TicTacToeTests.swift in Sources */ = {isa = PBXBuildFile; fileRef = 811923181F978D3F00015A57 /* TicTacToeTests.swift */; };
		811923241F978D3F00015A57 /* TicTacToeUITests.swift in Sources */ = {isa = PBXBuildFile; fileRef = 811923231F978D3F00015A57 /* TicTacToeUITests.swift */; };
		811923391F97C05200015A57 /* TicTacButton.swift in Sources */ = {isa = PBXBuildFile; fileRef = 811923381F97C05200015A57 /* TicTacButton.swift */; };
		8119233B1F98D83A00015A57 /* RulesTicTacToe.swift in Sources */ = {isa = PBXBuildFile; fileRef = 8119233A1F98D83A00015A57 /* RulesTicTacToe.swift */; };
/* End PBXBuildFile section */

/* Begin PBXContainerItemProxy section */
		811923151F978D3F00015A57 /* PBXContainerItemProxy */ = {
			isa = PBXContainerItemProxy;
			containerPortal = 811922F81F978D3E00015A57 /* Project object */;
			proxyType = 1;
			remoteGlobalIDString = 811922FF1F978D3E00015A57;
			remoteInfo = TicTacToe;
		};
		811923201F978D3F00015A57 /* PBXContainerItemProxy */ = {
			isa = PBXContainerItemProxy;
			containerPortal = 811922F81F978D3E00015A57 /* Project object */;
			proxyType = 1;
			remoteGlobalIDString = 811922FF1F978D3E00015A57;
			remoteInfo = TicTacToe;
		};
/* End PBXContainerItemProxy section */

/* Begin PBXFileReference section */
		811923001F978D3E00015A57 /* TicTacToe.app */ = {isa = PBXFileReference; explicitFileType = wrapper.application; includeInIndex = 0; path = TicTacToe.app; sourceTree = BUILT_PRODUCTS_DIR; };
		811923031F978D3E00015A57 /* AppDelegate.swift */ = {isa = PBXFileReference; lastKnownFileType = sourcecode.swift; path = AppDelegate.swift; sourceTree = "<group>"; };
		811923051F978D3E00015A57 /* ViewController.swift */ = {isa = PBXFileReference; lastKnownFileType = sourcecode.swift; path = ViewController.swift; sourceTree = "<group>"; };
		811923081F978D3E00015A57 /* Base */ = {isa = PBXFileReference; lastKnownFileType = file.storyboard; name = Base; path = Base.lproj/Main.storyboard; sourceTree = "<group>"; };
		8119230A1F978D3E00015A57 /* Assets.xcassets */ = {isa = PBXFileReference; lastKnownFileType = folder.assetcatalog; path = Assets.xcassets; sourceTree = "<group>"; };
		8119230D1F978D3E00015A57 /* Base */ = {isa = PBXFileReference; lastKnownFileType = file.storyboard; name = Base; path = Base.lproj/LaunchScreen.storyboard; sourceTree = "<group>"; };
		8119230F1F978D3E00015A57 /* Info.plist */ = {isa = PBXFileReference; lastKnownFileType = text.plist.xml; path = Info.plist; sourceTree = "<group>"; };
		811923141F978D3F00015A57 /* TicTacToeTests.xctest */ = {isa = PBXFileReference; explicitFileType = wrapper.cfbundle; includeInIndex = 0; path = TicTacToeTests.xctest; sourceTree = BUILT_PRODUCTS_DIR; };
		811923181F978D3F00015A57 /* TicTacToeTests.swift */ = {isa = PBXFileReference; lastKnownFileType = sourcecode.swift; path = TicTacToeTests.swift; sourceTree = "<group>"; };
		8119231A1F978D3F00015A57 /* Info.plist */ = {isa = PBXFileReference; lastKnownFileType = text.plist.xml; path = Info.plist; sourceTree = "<group>"; };
		8119231F1F978D3F00015A57 /* TicTacToeUITests.xctest */ = {isa = PBXFileReference; explicitFileType = wrapper.cfbundle; includeInIndex = 0; path = TicTacToeUITests.xctest; sourceTree = BUILT_PRODUCTS_DIR; };
		811923231F978D3F00015A57 /* TicTacToeUITests.swift */ = {isa = PBXFileReference; lastKnownFileType = sourcecode.swift; path = TicTacToeUITests.swift; sourceTree = "<group>"; };
		811923251F978D3F00015A57 /* Info.plist */ = {isa = PBXFileReference; lastKnownFileType = text.plist.xml; path = Info.plist; sourceTree = "<group>"; };
		811923381F97C05200015A57 /* TicTacButton.swift */ = {isa = PBXFileReference; lastKnownFileType = sourcecode.swift; path = TicTacButton.swift; sourceTree = "<group>"; };
		8119233A1F98D83A00015A57 /* RulesTicTacToe.swift */ = {isa = PBXFileReference; lastKnownFileType = sourcecode.swift; path = RulesTicTacToe.swift; sourceTree = "<group>"; };
/* End PBXFileReference section */

/* Begin PBXFrameworksBuildPhase section */
		811922FD1F978D3E00015A57 /* Frameworks */ = {
			isa = PBXFrameworksBuildPhase;
			buildActionMask = 2147483647;
			files = (
			);
			runOnlyForDeploymentPostprocessing = 0;
		};
		811923111F978D3F00015A57 /* Frameworks */ = {
			isa = PBXFrameworksBuildPhase;
			buildActionMask = 2147483647;
			files = (
			);
			runOnlyForDeploymentPostprocessing = 0;
		};
		8119231C1F978D3F00015A57 /* Frameworks */ = {
			isa = PBXFrameworksBuildPhase;
			buildActionMask = 2147483647;
			files = (
			);
			runOnlyForDeploymentPostprocessing = 0;
		};
/* End PBXFrameworksBuildPhase section */

/* Begin PBXGroup section */
		811922F71F978D3E00015A57 = {
			isa = PBXGroup;
			children = (
				811923021F978D3E00015A57 /* TicTacToe */,
				811923171F978D3F00015A57 /* TicTacToeTests */,
				811923221F978D3F00015A57 /* TicTacToeUITests */,
				811923011F978D3E00015A57 /* Products */,
			);
			sourceTree = "<group>";
		};
		811923011F978D3E00015A57 /* Products */ = {
			isa = PBXGroup;
			children = (
				811923001F978D3E00015A57 /* TicTacToe.app */,
				811923141F978D3F00015A57 /* TicTacToeTests.xctest */,
				8119231F1F978D3F00015A57 /* TicTacToeUITests.xctest */,
			);
			name = Products;
			sourceTree = "<group>";
		};
		811923021F978D3E00015A57 /* TicTacToe */ = {
			isa = PBXGroup;
			children = (
				811923311F978D4C00015A57 /* Supported Files */,
				811923051F978D3E00015A57 /* ViewController.swift */,
				811923071F978D3E00015A57 /* Main.storyboard */,
				8119233A1F98D83A00015A57 /* RulesTicTacToe.swift */,
				811923381F97C05200015A57 /* TicTacButton.swift */,
				8119230A1F978D3E00015A57 /* Assets.xcassets */,
				8119230F1F978D3E00015A57 /* Info.plist */,
			);
			path = TicTacToe;
			sourceTree = "<group>";
		};
		811923171F978D3F00015A57 /* TicTacToeTests */ = {
			isa = PBXGroup;
			children = (
				811923181F978D3F00015A57 /* TicTacToeTests.swift */,
				8119231A1F978D3F00015A57 /* Info.plist */,
			);
			path = TicTacToeTests;
			sourceTree = "<group>";
		};
		811923221F978D3F00015A57 /* TicTacToeUITests */ = {
			isa = PBXGroup;
			children = (
				811923231F978D3F00015A57 /* TicTacToeUITests.swift */,
				811923251F978D3F00015A57 /* Info.plist */,
			);
			path = TicTacToeUITests;
			sourceTree = "<group>";
		};
		811923311F978D4C00015A57 /* Supported Files */ = {
			isa = PBXGroup;
			children = (
				811923031F978D3E00015A57 /* AppDelegate.swift */,
				8119230C1F978D3E00015A57 /* LaunchScreen.storyboard */,
			);
			path = "Supported Files";
			sourceTree = "<group>";
		};
/* End PBXGroup section */

/* Begin PBXNativeTarget section */
		811922FF1F978D3E00015A57 /* TicTacToe */ = {
			isa = PBXNativeTarget;
			buildConfigurationList = 811923281F978D3F00015A57 /* Build configuration list for PBXNativeTarget "TicTacToe" */;
			buildPhases = (
				811922FC1F978D3E00015A57 /* Sources */,
				811922FD1F978D3E00015A57 /* Frameworks */,
				811922FE1F978D3E00015A57 /* Resources */,
			);
			buildRules = (
			);
			dependencies = (
			);
			name = TicTacToe;
			productName = TicTacToe;
			productReference = 811923001F978D3E00015A57 /* TicTacToe.app */;
			productType = "com.apple.product-type.application";
		};
		811923131F978D3F00015A57 /* TicTacToeTests */ = {
			isa = PBXNativeTarget;
			buildConfigurationList = 8119232B1F978D3F00015A57 /* Build configuration list for PBXNativeTarget "TicTacToeTests" */;
			buildPhases = (
				811923101F978D3F00015A57 /* Sources */,
				811923111F978D3F00015A57 /* Frameworks */,
				811923121F978D3F00015A57 /* Resources */,
			);
			buildRules = (
			);
			dependencies = (
				811923161F978D3F00015A57 /* PBXTargetDependency */,
			);
			name = TicTacToeTests;
			productName = TicTacToeTests;
			productReference = 811923141F978D3F00015A57 /* TicTacToeTests.xctest */;
			productType = "com.apple.product-type.bundle.unit-test";
		};
		8119231E1F978D3F00015A57 /* TicTacToeUITests */ = {
			isa = PBXNativeTarget;
			buildConfigurationList = 8119232E1F978D3F00015A57 /* Build configuration list for PBXNativeTarget "TicTacToeUITests" */;
			buildPhases = (
				8119231B1F978D3F00015A57 /* Sources */,
				8119231C1F978D3F00015A57 /* Frameworks */,
				8119231D1F978D3F00015A57 /* Resources */,
			);
			buildRules = (
			);
			dependencies = (
				811923211F978D3F00015A57 /* PBXTargetDependency */,
			);
			name = TicTacToeUITests;
			productName = TicTacToeUITests;
			productReference = 8119231F1F978D3F00015A57 /* TicTacToeUITests.xctest */;
			productType = "com.apple.product-type.bundle.ui-testing";
		};
/* End PBXNativeTarget section */

/* Begin PBXProject section */
		811922F81F978D3E00015A57 /* Project object */ = {
			isa = PBXProject;
			attributes = {
				LastSwiftUpdateCheck = 0900;
				LastUpgradeCheck = 0900;
				ORGANIZATIONNAME = C4Q;
				TargetAttributes = {
					811922FF1F978D3E00015A57 = {
						CreatedOnToolsVersion = 9.0.1;
						ProvisioningStyle = Manual;
					};
					811923131F978D3F00015A57 = {
						CreatedOnToolsVersion = 9.0.1;
						ProvisioningStyle = Automatic;
						TestTargetID = 811922FF1F978D3E00015A57;
					};
					8119231E1F978D3F00015A57 = {
						CreatedOnToolsVersion = 9.0.1;
						ProvisioningStyle = Automatic;
						TestTargetID = 811922FF1F978D3E00015A57;
					};
				};
			};
			buildConfigurationList = 811922FB1F978D3E00015A57 /* Build configuration list for PBXProject "TicTacToe" */;
			compatibilityVersion = "Xcode 8.0";
			developmentRegion = en;
			hasScannedForEncodings = 0;
			knownRegions = (
				en,
				Base,
			);
			mainGroup = 811922F71F978D3E00015A57;
			productRefGroup = 811923011F978D3E00015A57 /* Products */;
			projectDirPath = "";
			projectRoot = "";
			targets = (
				811922FF1F978D3E00015A57 /* TicTacToe */,
				811923131F978D3F00015A57 /* TicTacToeTests */,
				8119231E1F978D3F00015A57 /* TicTacToeUITests */,
			);
		};
/* End PBXProject section */

/* Begin PBXResourcesBuildPhase section */
		811922FE1F978D3E00015A57 /* Resources */ = {
			isa = PBXResourcesBuildPhase;
			buildActionMask = 2147483647;
			files = (
				8119230E1F978D3E00015A57 /* LaunchScreen.storyboard in Resources */,
				8119230B1F978D3E00015A57 /* Assets.xcassets in Resources */,
				811923091F978D3E00015A57 /* Main.storyboard in Resources */,
			);
			runOnlyForDeploymentPostprocessing = 0;
		};
		811923121F978D3F00015A57 /* Resources */ = {
			isa = PBXResourcesBuildPhase;
			buildActionMask = 2147483647;
			files = (
			);
			runOnlyForDeploymentPostprocessing = 0;
		};
		8119231D1F978D3F00015A57 /* Resources */ = {
			isa = PBXResourcesBuildPhase;
			buildActionMask = 2147483647;
			files = (
			);
			runOnlyForDeploymentPostprocessing = 0;
		};
/* End PBXResourcesBuildPhase section */

/* Begin PBXSourcesBuildPhase section */
		811922FC1F978D3E00015A57 /* Sources */ = {
			isa = PBXSourcesBuildPhase;
			buildActionMask = 2147483647;
			files = (
				811923061F978D3E00015A57 /* ViewController.swift in Sources */,
				811923391F97C05200015A57 /* TicTacButton.swift in Sources */,
				8119233B1F98D83A00015A57 /* RulesTicTacToe.swift in Sources */,
				811923041F978D3E00015A57 /* AppDelegate.swift in Sources */,
			);
			runOnlyForDeploymentPostprocessing = 0;
		};
		811923101F978D3F00015A57 /* Sources */ = {
			isa = PBXSourcesBuildPhase;
			buildActionMask = 2147483647;
			files = (
				811923191F978D3F00015A57 /* TicTacToeTests.swift in Sources */,
			);
			runOnlyForDeploymentPostprocessing = 0;
		};
		8119231B1F978D3F00015A57 /* Sources */ = {
			isa = PBXSourcesBuildPhase;
			buildActionMask = 2147483647;
			files = (
				811923241F978D3F00015A57 /* TicTacToeUITests.swift in Sources */,
			);
			runOnlyForDeploymentPostprocessing = 0;
		};
/* End PBXSourcesBuildPhase section */

/* Begin PBXTargetDependency section */
		811923161F978D3F00015A57 /* PBXTargetDependency */ = {
			isa = PBXTargetDependency;
			target = 811922FF1F978D3E00015A57 /* TicTacToe */;
			targetProxy = 811923151F978D3F00015A57 /* PBXContainerItemProxy */;
		};
		811923211F978D3F00015A57 /* PBXTargetDependency */ = {
			isa = PBXTargetDependency;
			target = 811922FF1F978D3E00015A57 /* TicTacToe */;
			targetProxy = 811923201F978D3F00015A57 /* PBXContainerItemProxy */;
		};
/* End PBXTargetDependency section */

/* Begin PBXVariantGroup section */
		811923071F978D3E00015A57 /* Main.storyboard */ = {
			isa = PBXVariantGroup;
			children = (
				811923081F978D3E00015A57 /* Base */,
			);
			name = Main.storyboard;
			sourceTree = "<group>";
		};
		8119230C1F978D3E00015A57 /* LaunchScreen.storyboard */ = {
			isa = PBXVariantGroup;
			children = (
				8119230D1F978D3E00015A57 /* Base */,
			);
			name = LaunchScreen.storyboard;
			sourceTree = "<group>";
		};
/* End PBXVariantGroup section */

/* Begin XCBuildConfiguration section */
		811923261F978D3F00015A57 /* Debug */ = {
			isa = XCBuildConfiguration;
			buildSettings = {
				ALWAYS_SEARCH_USER_PATHS = NO;
				CLANG_ANALYZER_NONNULL = YES;
				CLANG_ANALYZER_NUMBER_OBJECT_CONVERSION = YES_AGGRESSIVE;
				CLANG_CXX_LANGUAGE_STANDARD = "gnu++14";
				CLANG_CXX_LIBRARY = "libc++";
				CLANG_ENABLE_MODULES = YES;
				CLANG_ENABLE_OBJC_ARC = YES;
				CLANG_WARN_BLOCK_CAPTURE_AUTORELEASING = YES;
				CLANG_WARN_BOOL_CONVERSION = YES;
				CLANG_WARN_COMMA = YES;
				CLANG_WARN_CONSTANT_CONVERSION = YES;
				CLANG_WARN_DIRECT_OBJC_ISA_USAGE = YES_ERROR;
				CLANG_WARN_DOCUMENTATION_COMMENTS = YES;
				CLANG_WARN_EMPTY_BODY = YES;
				CLANG_WARN_ENUM_CONVERSION = YES;
				CLANG_WARN_INFINITE_RECURSION = YES;
				CLANG_WARN_INT_CONVERSION = YES;
				CLANG_WARN_NON_LITERAL_NULL_CONVERSION = YES;
				CLANG_WARN_OBJC_LITERAL_CONVERSION = YES;
				CLANG_WARN_OBJC_ROOT_CLASS = YES_ERROR;
				CLANG_WARN_RANGE_LOOP_ANALYSIS = YES;
				CLANG_WARN_STRICT_PROTOTYPES = YES;
				CLANG_WARN_SUSPICIOUS_MOVE = YES;
				CLANG_WARN_UNGUARDED_AVAILABILITY = YES_AGGRESSIVE;
				CLANG_WARN_UNREACHABLE_CODE = YES;
				CLANG_WARN__DUPLICATE_METHOD_MATCH = YES;
				CODE_SIGN_IDENTITY = "iPhone Developer";
				COPY_PHASE_STRIP = NO;
				DEBUG_INFORMATION_FORMAT = dwarf;
				ENABLE_STRICT_OBJC_MSGSEND = YES;
				ENABLE_TESTABILITY = YES;
				GCC_C_LANGUAGE_STANDARD = gnu11;
				GCC_DYNAMIC_NO_PIC = NO;
				GCC_NO_COMMON_BLOCKS = YES;
				GCC_OPTIMIZATION_LEVEL = 0;
				GCC_PREPROCESSOR_DEFINITIONS = (
					"DEBUG=1",
					"$(inherited)",
				);
				GCC_WARN_64_TO_32_BIT_CONVERSION = YES;
				GCC_WARN_ABOUT_RETURN_TYPE = YES_ERROR;
				GCC_WARN_UNDECLARED_SELECTOR = YES;
				GCC_WARN_UNINITIALIZED_AUTOS = YES_AGGRESSIVE;
				GCC_WARN_UNUSED_FUNCTION = YES;
				GCC_WARN_UNUSED_VARIABLE = YES;
				IPHONEOS_DEPLOYMENT_TARGET = 11.0;
				MTL_ENABLE_DEBUG_INFO = YES;
				ONLY_ACTIVE_ARCH = YES;
				SDKROOT = iphoneos;
				SWIFT_ACTIVE_COMPILATION_CONDITIONS = DEBUG;
				SWIFT_OPTIMIZATION_LEVEL = "-Onone";
			};
			name = Debug;
		};
		811923271F978D3F00015A57 /* Release */ = {
			isa = XCBuildConfiguration;
			buildSettings = {
				ALWAYS_SEARCH_USER_PATHS = NO;
				CLANG_ANALYZER_NONNULL = YES;
				CLANG_ANALYZER_NUMBER_OBJECT_CONVERSION = YES_AGGRESSIVE;
				CLANG_CXX_LANGUAGE_STANDARD = "gnu++14";
				CLANG_CXX_LIBRARY = "libc++";
				CLANG_ENABLE_MODULES = YES;
				CLANG_ENABLE_OBJC_ARC = YES;
				CLANG_WARN_BLOCK_CAPTURE_AUTORELEASING = YES;
				CLANG_WARN_BOOL_CONVERSION = YES;
				CLANG_WARN_COMMA = YES;
				CLANG_WARN_CONSTANT_CONVERSION = YES;
				CLANG_WARN_DIRECT_OBJC_ISA_USAGE = YES_ERROR;
				CLANG_WARN_DOCUMENTATION_COMMENTS = YES;
				CLANG_WARN_EMPTY_BODY = YES;
				CLANG_WARN_ENUM_CONVERSION = YES;
				CLANG_WARN_INFINITE_RECURSION = YES;
				CLANG_WARN_INT_CONVERSION = YES;
				CLANG_WARN_NON_LITERAL_NULL_CONVERSION = YES;
				CLANG_WARN_OBJC_LITERAL_CONVERSION = YES;
				CLANG_WARN_OBJC_ROOT_CLASS = YES_ERROR;
				CLANG_WARN_RANGE_LOOP_ANALYSIS = YES;
				CLANG_WARN_STRICT_PROTOTYPES = YES;
				CLANG_WARN_SUSPICIOUS_MOVE = YES;
				CLANG_WARN_UNGUARDED_AVAILABILITY = YES_AGGRESSIVE;
				CLANG_WARN_UNREACHABLE_CODE = YES;
				CLANG_WARN__DUPLICATE_METHOD_MATCH = YES;
				CODE_SIGN_IDENTITY = "iPhone Developer";
				COPY_PHASE_STRIP = NO;
				DEBUG_INFORMATION_FORMAT = "dwarf-with-dsym";
				ENABLE_NS_ASSERTIONS = NO;
				ENABLE_STRICT_OBJC_MSGSEND = YES;
				GCC_C_LANGUAGE_STANDARD = gnu11;
				GCC_NO_COMMON_BLOCKS = YES;
				GCC_WARN_64_TO_32_BIT_CONVERSION = YES;
				GCC_WARN_ABOUT_RETURN_TYPE = YES_ERROR;
				GCC_WARN_UNDECLARED_SELECTOR = YES;
				GCC_WARN_UNINITIALIZED_AUTOS = YES_AGGRESSIVE;
				GCC_WARN_UNUSED_FUNCTION = YES;
				GCC_WARN_UNUSED_VARIABLE = YES;
				IPHONEOS_DEPLOYMENT_TARGET = 11.0;
				MTL_ENABLE_DEBUG_INFO = NO;
				SDKROOT = iphoneos;
				SWIFT_OPTIMIZATION_LEVEL = "-Owholemodule";
				VALIDATE_PRODUCT = YES;
			};
			name = Release;
		};
		811923291F978D3F00015A57 /* Debug */ = {
			isa = XCBuildConfiguration;
			buildSettings = {
				ASSETCATALOG_COMPILER_APPICON_NAME = AppIcon;
				CODE_SIGN_STYLE = Manual;
				DEVELOPMENT_TEAM = "";
				INFOPLIST_FILE = TicTacToe/Info.plist;
				LD_RUNPATH_SEARCH_PATHS = "$(inherited) @executable_path/Frameworks";
				PRODUCT_BUNDLE_IDENTIFIER = "Marlon-Rugama.TicTacToe";
				PRODUCT_NAME = "$(TARGET_NAME)";
				PROVISIONING_PROFILE_SPECIFIER = "";
				SWIFT_VERSION = 4.0;
				TARGETED_DEVICE_FAMILY = "1,2";
			};
			name = Debug;
		};
		8119232A1F978D3F00015A57 /* Release */ = {
			isa = XCBuildConfiguration;
			buildSettings = {
				ASSETCATALOG_COMPILER_APPICON_NAME = AppIcon;
				CODE_SIGN_STYLE = Manual;
				DEVELOPMENT_TEAM = "";
				INFOPLIST_FILE = TicTacToe/Info.plist;
				LD_RUNPATH_SEARCH_PATHS = "$(inherited) @executable_path/Frameworks";
				PRODUCT_BUNDLE_IDENTIFIER = "Marlon-Rugama.TicTacToe";
				PRODUCT_NAME = "$(TARGET_NAME)";
				PROVISIONING_PROFILE_SPECIFIER = "";
				SWIFT_VERSION = 4.0;
				TARGETED_DEVICE_FAMILY = "1,2";
			};
			name = Release;
		};
		8119232C1F978D3F00015A57 /* Debug */ = {
			isa = XCBuildConfiguration;
			buildSettings = {
				ALWAYS_EMBED_SWIFT_STANDARD_LIBRARIES = YES;
				BUNDLE_LOADER = "$(TEST_HOST)";
				CODE_SIGN_STYLE = Automatic;
				INFOPLIST_FILE = TicTacToeTests/Info.plist;
				LD_RUNPATH_SEARCH_PATHS = "$(inherited) @executable_path/Frameworks @loader_path/Frameworks";
				PRODUCT_BUNDLE_IDENTIFIER = "Marlon-Rugama.TicTacToeTests";
				PRODUCT_NAME = "$(TARGET_NAME)";
				SWIFT_VERSION = 4.0;
				TARGETED_DEVICE_FAMILY = "1,2";
				TEST_HOST = "$(BUILT_PRODUCTS_DIR)/TicTacToe.app/TicTacToe";
			};
			name = Debug;
		};
		8119232D1F978D3F00015A57 /* Release */ = {
			isa = XCBuildConfiguration;
			buildSettings = {
				ALWAYS_EMBED_SWIFT_STANDARD_LIBRARIES = YES;
				BUNDLE_LOADER = "$(TEST_HOST)";
				CODE_SIGN_STYLE = Automatic;
				INFOPLIST_FILE = TicTacToeTests/Info.plist;
				LD_RUNPATH_SEARCH_PATHS = "$(inherited) @executable_path/Frameworks @loader_path/Frameworks";
				PRODUCT_BUNDLE_IDENTIFIER = "Marlon-Rugama.TicTacToeTests";
				PRODUCT_NAME = "$(TARGET_NAME)";
				SWIFT_VERSION = 4.0;
				TARGETED_DEVICE_FAMILY = "1,2";
				TEST_HOST = "$(BUILT_PRODUCTS_DIR)/TicTacToe.app/TicTacToe";
			};
			name = Release;
		};
		8119232F1F978D3F00015A57 /* Debug */ = {
			isa = XCBuildConfiguration;
			buildSettings = {
				ALWAYS_EMBED_SWIFT_STANDARD_LIBRARIES = YES;
				CODE_SIGN_STYLE = Automatic;
				INFOPLIST_FILE = TicTacToeUITests/Info.plist;
				LD_RUNPATH_SEARCH_PATHS = "$(inherited) @executable_path/Frameworks @loader_path/Frameworks";
				PRODUCT_BUNDLE_IDENTIFIER = "Marlon-Rugama.TicTacToeUITests";
				PRODUCT_NAME = "$(TARGET_NAME)";
				SWIFT_VERSION = 4.0;
				TARGETED_DEVICE_FAMILY = "1,2";
				TEST_TARGET_NAME = TicTacToe;
			};
			name = Debug;
		};
		811923301F978D3F00015A57 /* Release */ = {
			isa = XCBuildConfiguration;
			buildSettings = {
				ALWAYS_EMBED_SWIFT_STANDARD_LIBRARIES = YES;
				CODE_SIGN_STYLE = Automatic;
				INFOPLIST_FILE = TicTacToeUITests/Info.plist;
				LD_RUNPATH_SEARCH_PATHS = "$(inherited) @executable_path/Frameworks @loader_path/Frameworks";
				PRODUCT_BUNDLE_IDENTIFIER = "Marlon-Rugama.TicTacToeUITests";
				PRODUCT_NAME = "$(TARGET_NAME)";
				SWIFT_VERSION = 4.0;
				TARGETED_DEVICE_FAMILY = "1,2";
				TEST_TARGET_NAME = TicTacToe;
			};
			name = Release;
		};
/* End XCBuildConfiguration section */

/* Begin XCConfigurationList section */
		811922FB1F978D3E00015A57 /* Build configuration list for PBXProject "TicTacToe" */ = {
			isa = XCConfigurationList;
			buildConfigurations = (
				811923261F978D3F00015A57 /* Debug */,
				811923271F978D3F00015A57 /* Release */,
			);
			defaultConfigurationIsVisible = 0;
			defaultConfigurationName = Release;
		};
		811923281F978D3F00015A57 /* Build configuration list for PBXNativeTarget "TicTacToe" */ = {
			isa = XCConfigurationList;
			buildConfigurations = (
				811923291F978D3F00015A57 /* Debug */,
				8119232A1F978D3F00015A57 /* Release */,
			);
			defaultConfigurationIsVisible = 0;
			defaultConfigurationName = Release;
		};
		8119232B1F978D3F00015A57 /* Build configuration list for PBXNativeTarget "TicTacToeTests" */ = {
			isa = XCConfigurationList;
			buildConfigurations = (
				8119232C1F978D3F00015A57 /* Debug */,
				8119232D1F978D3F00015A57 /* Release */,
			);
			defaultConfigurationIsVisible = 0;
			defaultConfigurationName = Release;
		};
		8119232E1F978D3F00015A57 /* Build configuration list for PBXNativeTarget "TicTacToeUITests" */ = {
			isa = XCConfigurationList;
			buildConfigurations = (
				8119232F1F978D3F00015A57 /* Debug */,
				811923301F978D3F00015A57 /* Release */,
			);
			defaultConfigurationIsVisible = 0;
			defaultConfigurationName = Release;
		};
/* End XCConfigurationList section */
	};
	rootObject = 811922F81F978D3E00015A57 /* Project object */;
}
